{
    "version": 3,
    "terraform_version": "0.11.7",
    "serial": 12,
    "lineage": "c0aef616-ef11-b86b-c670-f103726d8624",
    "modules": [
        {
            "path": [
                "root"
            ],
            "outputs": {},
            "resources": {
                "aws_instance.tagged.0": {
                    "type": "aws_instance",
                    "depends_on": [],
                    "primary": {
                        "id": "i-055d9d92f4c65c59f",
                        "attributes": {
                            "ami": "ami-6b8cef13",
                            "associate_public_ip_address": "true",
                            "availability_zone": "us-west-2b",
                            "credit_specification.#": "1",
                            "credit_specification.0.cpu_credits": "standard",
                            "disable_api_termination": "false",
                            "ebs_block_device.#": "0",
                            "ebs_optimized": "false",
                            "ephemeral_block_device.#": "0",
                            "get_password_data": "false",
                            "iam_instance_profile": "",
                            "id": "i-055d9d92f4c65c59f",
                            "instance_state": "running",
                            "instance_type": "t2.micro",
                            "ipv6_addresses.#": "0",
                            "key_name": "",
                            "monitoring": "false",
                            "network_interface.#": "0",
                            "network_interface_id": "eni-0d8340da87a3612f5",
                            "password_data": "",
                            "placement_group": "",
                            "primary_network_interface_id": "eni-0d8340da87a3612f5",
                            "private_dns": "ip-172-31-27-94.us-west-2.compute.internal",
                            "private_ip": "172.31.27.94",
                            "public_dns": "ec2-34-215-161-159.us-west-2.compute.amazonaws.com",
                            "public_ip": "34.215.161.159",
                            "root_block_device.#": "1",
                            "root_block_device.0.delete_on_termination": "true",
                            "root_block_device.0.iops": "100",
                            "root_block_device.0.volume_id": "vol-05bb4bbf66aa6bb62",
                            "root_block_device.0.volume_size": "8",
                            "root_block_device.0.volume_type": "gp2",
                            "security_groups.#": "1",
                            "security_groups.3814588639": "default",
                            "source_dest_check": "true",
                            "subnet_id": "subnet-0c853d68",
                            "tags.%": "3",
                            "tags.Application": "Lodging-Search-API",
                            "tags.Custodian": "true",
                            "tags.Name": "tagged",
                            "tenancy": "default",
                            "volume_tags.%": "2",
                            "volume_tags.CreatedBy": "stephanie",
                            "volume_tags.CreatedByPrincipalId": "AROAJ4LHD2ZAYD3ARYX4K:stephanie",
                            "vpc_security_group_ids.#": "1",
                            "vpc_security_group_ids.1051633954": "sg-ca7f99ac"
                        },
                        "meta": {
                            "e2bfb730-ecaa-11e6-8f88-34363bc7c4c0": {
                                "create": 600000000000,
                                "delete": 1200000000000,
                                "update": 600000000000
                            },
                            "schema_version": "1"
                        },
                        "tainted": false
                    },
                    "deposed": [],
                    "provider": "provider.aws"
                },
                "aws_instance.tagged.1": {
                    "type": "aws_instance",
                    "depends_on": [],
                    "primary": {
                        "id": "i-0a543d6aa389d5e58",
                        "attributes": {
                            "ami": "ami-6b8cef13",
                            "associate_public_ip_address": "true",
                            "availability_zone": "us-west-2b",
                            "credit_specification.#": "1",
                            "credit_specification.0.cpu_credits": "standard",
                            "disable_api_termination": "false",
                            "ebs_block_device.#": "0",
                            "ebs_optimized": "false",
                            "ephemeral_block_device.#": "0",
                            "get_password_data": "false",
                            "iam_instance_profile": "",
                            "id": "i-0a543d6aa389d5e58",
                            "instance_state": "running",
                            "instance_type": "t2.micro",
                            "ipv6_addresses.#": "0",
                            "key_name": "",
                            "monitoring": "false",
                            "network_interface.#": "0",
                            "network_interface_id": "eni-02b2476c8180a9150",
                            "password_data": "",
                            "placement_group": "",
                            "primary_network_interface_id": "eni-02b2476c8180a9150",
                            "private_dns": "ip-172-31-31-29.us-west-2.compute.internal",
                            "private_ip": "172.31.31.29",
                            "public_dns": "ec2-34-215-94-59.us-west-2.compute.amazonaws.com",
                            "public_ip": "34.215.94.59",
                            "root_block_device.#": "1",
                            "root_block_device.0.delete_on_termination": "true",
                            "root_block_device.0.iops": "100",
                            "root_block_device.0.volume_id": "vol-0635805a42d15e69f",
                            "root_block_device.0.volume_size": "8",
                            "root_block_device.0.volume_type": "gp2",
                            "security_groups.#": "1",
                            "security_groups.3814588639": "default",
                            "source_dest_check": "true",
                            "subnet_id": "subnet-0c853d68",
                            "tags.%": "3",
                            "tags.Application": "Lodging-Search-API",
                            "tags.Custodian": "true",
                            "tags.Name": "tagged",
                            "tenancy": "default",
                            "volume_tags.%": "2",
                            "volume_tags.CreatedBy": "stephanie",
                            "volume_tags.CreatedByPrincipalId": "AROAJ4LHD2ZAYD3ARYX4K:stephanie",
                            "vpc_security_group_ids.#": "1",
                            "vpc_security_group_ids.1051633954": "sg-ca7f99ac"
                        },
                        "meta": {
                            "e2bfb730-ecaa-11e6-8f88-34363bc7c4c0": {
                                "create": 600000000000,
                                "delete": 1200000000000,
                                "update": 600000000000
                            },
                            "schema_version": "1"
                        },
                        "tainted": false
                    },
                    "deposed": [],
                    "provider": "provider.aws"
                },
                "aws_instance.untagged.0": {
                    "type": "aws_instance",
                    "depends_on": [],
                    "primary": {
                        "id": "i-03f46310a709ad808",
                        "attributes": {
                            "ami": "ami-6b8cef13",
                            "associate_public_ip_address": "true",
                            "availability_zone": "us-west-2b",
                            "credit_specification.#": "1",
                            "credit_specification.0.cpu_credits": "standard",
                            "disable_api_termination": "false",
                            "ebs_block_device.#": "0",
                            "ebs_optimized": "false",
                            "ephemeral_block_device.#": "0",
                            "get_password_data": "false",
                            "iam_instance_profile": "",
                            "id": "i-03f46310a709ad808",
                            "instance_state": "running",
                            "instance_type": "t2.micro",
                            "ipv6_addresses.#": "0",
                            "key_name": "",
                            "monitoring": "false",
                            "network_interface.#": "0",
                            "network_interface_id": "eni-0495f309ddbc72e34",
                            "password_data": "",
                            "placement_group": "",
                            "primary_network_interface_id": "eni-0495f309ddbc72e34",
                            "private_dns": "ip-172-31-20-31.us-west-2.compute.internal",
                            "private_ip": "172.31.20.31",
                            "public_dns": "ec2-54-202-113-59.us-west-2.compute.amazonaws.com",
                            "public_ip": "54.202.113.59",
                            "root_block_device.#": "1",
                            "root_block_device.0.delete_on_termination": "true",
                            "root_block_device.0.iops": "100",
                            "root_block_device.0.volume_id": "vol-0d2e0675c5ad7f967",
                            "root_block_device.0.volume_size": "8",
                            "root_block_device.0.volume_type": "gp2",
                            "security_groups.#": "1",
                            "security_groups.3814588639": "default",
                            "source_dest_check": "true",
                            "subnet_id": "subnet-0c853d68",
                            "tags.%": "2",
                            "tags.Custodian": "true",
                            "tags.Name": "untagged",
                            "tenancy": "default",
                            "volume_tags.%": "2",
                            "volume_tags.CreatedBy": "stephanie",
                            "volume_tags.CreatedByPrincipalId": "AROAJ4LHD2ZAYD3ARYX4K:stephanie",
                            "vpc_security_group_ids.#": "1",
                            "vpc_security_group_ids.1051633954": "sg-ca7f99ac"
                        },
                        "meta": {
                            "e2bfb730-ecaa-11e6-8f88-34363bc7c4c0": {
                                "create": 600000000000,
                                "delete": 1200000000000,
                                "update": 600000000000
                            },
                            "schema_version": "1"
                        },
                        "tainted": false
                    },
                    "deposed": [],
                    "provider": "provider.aws"
                },
                "aws_instance.untagged.1": {
                    "type": "aws_instance",
                    "depends_on": [],
                    "primary": {
                        "id": "i-01484b93257569037",
                        "attributes": {
                            "ami": "ami-6b8cef13",
                            "associate_public_ip_address": "true",
                            "availability_zone": "us-west-2b",
                            "credit_specification.#": "1",
                            "credit_specification.0.cpu_credits": "standard",
                            "disable_api_termination": "false",
                            "ebs_block_device.#": "0",
                            "ebs_optimized": "false",
                            "ephemeral_block_device.#": "0",
                            "get_password_data": "false",
                            "iam_instance_profile": "",
                            "id": "i-01484b93257569037",
                            "instance_state": "running",
                            "instance_type": "t2.micro",
                            "ipv6_addresses.#": "0",
                            "key_name": "",
                            "monitoring": "false",
                            "network_interface.#": "0",
                            "network_interface_id": "eni-097341e7120b972e7",
                            "password_data": "",
                            "placement_group": "",
                            "primary_network_interface_id": "eni-097341e7120b972e7",
                            "private_dns": "ip-172-31-21-155.us-west-2.compute.internal",
                            "private_ip": "172.31.21.155",
                            "public_dns": "ec2-34-219-76-163.us-west-2.compute.amazonaws.com",
                            "public_ip": "34.219.76.163",
                            "root_block_device.#": "1",
                            "root_block_device.0.delete_on_termination": "true",
                            "root_block_device.0.iops": "100",
                            "root_block_device.0.volume_id": "vol-03d72430b733e1ccf",
                            "root_block_device.0.volume_size": "8",
                            "root_block_device.0.volume_type": "gp2",
                            "security_groups.#": "1",
                            "security_groups.3814588639": "default",
                            "source_dest_check": "true",
                            "subnet_id": "subnet-0c853d68",
                            "tags.%": "2",
                            "tags.Custodian": "true",
                            "tags.Name": "untagged",
                            "tenancy": "default",
                            "volume_tags.%": "2",
                            "volume_tags.CreatedBy": "stephanie",
                            "volume_tags.CreatedByPrincipalId": "AROAJ4LHD2ZAYD3ARYX4K:stephanie",
                            "vpc_security_group_ids.#": "1",
                            "vpc_security_group_ids.1051633954": "sg-ca7f99ac"
                        },
                        "meta": {
                            "e2bfb730-ecaa-11e6-8f88-34363bc7c4c0": {
                                "create": 600000000000,
                                "delete": 1200000000000,
                                "update": 600000000000
                            },
                            "schema_version": "1"
                        },
                        "tainted": false
                    },
                    "deposed": [],
                    "provider": "provider.aws"
                },
                "aws_instance.untagged.2": {
                    "type": "aws_instance",
                    "depends_on": [],
                    "primary": {
                        "id": "i-0474aa1a46e84116b",
                        "attributes": {
                            "ami": "ami-6b8cef13",
                            "associate_public_ip_address": "true",
                            "availability_zone": "us-west-2b",
                            "credit_specification.#": "1",
                            "credit_specification.0.cpu_credits": "standard",
                            "disable_api_termination": "false",
                            "ebs_block_device.#": "0",
                            "ebs_optimized": "false",
                            "ephemeral_block_device.#": "0",
                            "get_password_data": "false",
                            "iam_instance_profile": "",
                            "id": "i-0474aa1a46e84116b",
                            "instance_state": "running",
                            "instance_type": "t2.micro",
                            "ipv6_addresses.#": "0",
                            "key_name": "",
                            "monitoring": "false",
                            "network_interface.#": "0",
                            "network_interface_id": "eni-0fe49df932f626e91",
                            "password_data": "",
                            "placement_group": "",
                            "primary_network_interface_id": "eni-0fe49df932f626e91",
                            "private_dns": "ip-172-31-31-15.us-west-2.compute.internal",
                            "private_ip": "172.31.31.15",
                            "public_dns": "ec2-34-214-94-234.us-west-2.compute.amazonaws.com",
                            "public_ip": "34.214.94.234",
                            "root_block_device.#": "1",
                            "root_block_device.0.delete_on_termination": "true",
                            "root_block_device.0.iops": "100",
                            "root_block_device.0.volume_id": "vol-0a9457f1518daebce",
                            "root_block_device.0.volume_size": "8",
                            "root_block_device.0.volume_type": "gp2",
                            "security_groups.#": "1",
                            "security_groups.3814588639": "default",
                            "source_dest_check": "true",
                            "subnet_id": "subnet-0c853d68",
                            "tags.%": "2",
                            "tags.Custodian": "true",
                            "tags.Name": "untagged",
                            "tenancy": "default",
                            "volume_tags.%": "2",
                            "volume_tags.CreatedBy": "stephanie",
                            "volume_tags.CreatedByPrincipalId": "AROAJ4LHD2ZAYD3ARYX4K:stephanie",
                            "vpc_security_group_ids.#": "1",
                            "vpc_security_group_ids.1051633954": "sg-ca7f99ac"
                        },
                        "meta": {
                            "e2bfb730-ecaa-11e6-8f88-34363bc7c4c0": {
                                "create": 600000000000,
                                "delete": 1200000000000,
                                "update": 600000000000
                            },
                            "schema_version": "1"
                        },
                        "tainted": false
                    },
                    "deposed": [],
                    "provider": "provider.aws"
                },
                "aws_instance.untagged.3": {
                    "type": "aws_instance",
                    "depends_on": [],
                    "primary": {
                        "id": "i-079d2ba645fadbea4",
                        "attributes": {
                            "ami": "ami-6b8cef13",
                            "associate_public_ip_address": "true",
                            "availability_zone": "us-west-2b",
                            "credit_specification.#": "1",
                            "credit_specification.0.cpu_credits": "standard",
                            "disable_api_termination": "false",
                            "ebs_block_device.#": "0",
                            "ebs_optimized": "false",
                            "ephemeral_block_device.#": "0",
                            "get_password_data": "false",
                            "iam_instance_profile": "",
                            "id": "i-079d2ba645fadbea4",
                            "instance_state": "running",
                            "instance_type": "t2.micro",
                            "ipv6_addresses.#": "0",
                            "key_name": "",
                            "monitoring": "false",
                            "network_interface.#": "0",
                            "network_interface_id": "eni-0e2ba8edc1e5c3481",
                            "password_data": "",
                            "placement_group": "",
                            "primary_network_interface_id": "eni-0e2ba8edc1e5c3481",
                            "private_dns": "ip-172-31-21-56.us-west-2.compute.internal",
                            "private_ip": "172.31.21.56",
                            "public_dns": "ec2-54-202-6-118.us-west-2.compute.amazonaws.com",
                            "public_ip": "54.202.6.118",
                            "root_block_device.#": "1",
                            "root_block_device.0.delete_on_termination": "true",
                            "root_block_device.0.iops": "100",
                            "root_block_device.0.volume_id": "vol-021ccc84329cd1c3a",
                            "root_block_device.0.volume_size": "8",
                            "root_block_device.0.volume_type": "gp2",
                            "security_groups.#": "1",
                            "security_groups.3814588639": "default",
                            "source_dest_check": "true",
                            "subnet_id": "subnet-0c853d68",
                            "tags.%": "2",
                            "tags.Custodian": "true",
                            "tags.Name": "untagged",
                            "tenancy": "default",
                            "volume_tags.%": "2",
                            "volume_tags.CreatedBy": "stephanie",
                            "volume_tags.CreatedByPrincipalId": "AROAJ4LHD2ZAYD3ARYX4K:stephanie",
                            "vpc_security_group_ids.#": "1",
                            "vpc_security_group_ids.1051633954": "sg-ca7f99ac"
                        },
                        "meta": {
                            "e2bfb730-ecaa-11e6-8f88-34363bc7c4c0": {
                                "create": 600000000000,
                                "delete": 1200000000000,
                                "update": 600000000000
                            },
                            "schema_version": "1"
                        },
                        "tainted": false
                    },
                    "deposed": [],
                    "provider": "provider.aws"
                },
                "aws_instance.untagged.4": {
                    "type": "aws_instance",
                    "depends_on": [],
                    "primary": {
                        "id": "i-03966119ac37f31e4",
                        "attributes": {
                            "ami": "ami-6b8cef13",
                            "associate_public_ip_address": "true",
                            "availability_zone": "us-west-2b",
                            "credit_specification.#": "1",
                            "credit_specification.0.cpu_credits": "standard",
                            "disable_api_termination": "false",
                            "ebs_block_device.#": "0",
                            "ebs_optimized": "false",
                            "ephemeral_block_device.#": "0",
                            "get_password_data": "false",
                            "iam_instance_profile": "",
                            "id": "i-03966119ac37f31e4",
                            "instance_state": "running",
                            "instance_type": "t2.micro",
                            "ipv6_addresses.#": "0",
                            "key_name": "",
                            "monitoring": "false",
                            "network_interface.#": "0",
                            "network_interface_id": "eni-0f1806379dd58d808",
                            "password_data": "",
                            "placement_group": "",
                            "primary_network_interface_id": "eni-0f1806379dd58d808",
                            "private_dns": "ip-172-31-31-49.us-west-2.compute.internal",
                            "private_ip": "172.31.31.49",
                            "public_dns": "ec2-35-161-202-129.us-west-2.compute.amazonaws.com",
                            "public_ip": "35.161.202.129",
                            "root_block_device.#": "1",
                            "root_block_device.0.delete_on_termination": "true",
                            "root_block_device.0.iops": "100",
                            "root_block_device.0.volume_id": "vol-04cf5d00f63a0500e",
                            "root_block_device.0.volume_size": "8",
                            "root_block_device.0.volume_type": "gp2",
                            "security_groups.#": "1",
                            "security_groups.3814588639": "default",
                            "source_dest_check": "true",
                            "subnet_id": "subnet-0c853d68",
                            "tags.%": "7",
                            "tags.CreatedBy": "stephanie",
                            "tags.CreatedByPrincipalId": "AROAJ4LHD2ZAYD3ARYX4K:stephanie",
                            "tags.CreatorId": "AROAJ4LHD2ZAYD3ARYX4K",
                            "tags.CreatorName": "stephanie",
                            "tags.Custodian": "true",
                            "tags.Name": "untagged",
                            "tags.OwnerContact": "stephanie",
                            "tenancy": "default",
                            "volume_tags.%": "2",
                            "volume_tags.CreatedBy": "stephanie",
                            "volume_tags.CreatedByPrincipalId": "AROAJ4LHD2ZAYD3ARYX4K:stephanie",
                            "vpc_security_group_ids.#": "1",
                            "vpc_security_group_ids.1051633954": "sg-ca7f99ac"
                        },
                        "meta": {
                            "e2bfb730-ecaa-11e6-8f88-34363bc7c4c0": {
                                "create": 600000000000,
                                "delete": 1200000000000,
                                "update": 600000000000
                            },
                            "schema_version": "1"
                        },
                        "tainted": false
                    },
                    "deposed": [],
                    "provider": "provider.aws"
                }
            },
            "depends_on": []
        }
    ]
}
